
Microsoft Visual Studio Solution File, Format Version 12.00
# Visual Studio Version 17
VisualStudioVersion = 17.7.34221.43
MinimumVisualStudioVersion = 10.0.40219.1
Project("{9A19103F-16F7-4668-BE54-9A1E7A4F7556}") = "ProjectLogin.Server", "Server\ProjectLogin.Server.csproj", "{3ECD0AA9-272B-48D8-971C-1B78C957476F}"
EndProject
Project("{9A19103F-16F7-4668-BE54-9A1E7A4F7556}") = "ProjectLogin.Client", "Client\ProjectLogin.Client.csproj", "{5D1E63A8-BD18-4EE4-8B6E-0D35AE8CE584}"
EndProject
Project("{9A19103F-16F7-4668-BE54-9A1E7A4F7556}") = "ProjectLogin.Shared", "Shared\ProjectLogin.Shared.csproj", "{B9E1A4C6-9D98-4E13-8292-4AD18C8A01B0}"
EndProject
Global
	GlobalSection(SolutionConfigurationPlatforms) = preSolution
		Debug|Any CPU = Debug|Any CPU
		Release|Any CPU = Release|Any CPU
	EndGlobalSection
	GlobalSection(ProjectConfigurationPlatforms) = postSolution
		{3ECD0AA9-272B-48D8-971C-1B78C957476F}.Debug|Any CPU.ActiveCfg = Debug|Any CPU
		{3ECD0AA9-272B-48D8-971C-1B78C957476F}.Debug|Any CPU.Build.0 = Debug|Any CPU
		{3ECD0AA9-272B-48D8-971C-1B78C957476F}.Release|Any CPU.ActiveCfg = Release|Any CPU
		{3ECD0AA9-272B-48D8-971C-1B78C957476F}.Release|Any CPU.Build.0 = Release|Any CPU
		{5D1E63A8-BD18-4EE4-8B6E-0D35AE8CE584}.Debug|Any CPU.ActiveCfg = Debug|Any CPU
		{5D1E63A8-BD18-4EE4-8B6E-0D35AE8CE584}.Debug|Any CPU.Build.0 = Debug|Any CPU
		{5D1E63A8-BD18-4EE4-8B6E-0D35AE8CE584}.Release|Any CPU.ActiveCfg = Release|Any CPU
		{5D1E63A8-BD18-4EE4-8B6E-0D35AE8CE584}.Release|Any CPU.Build.0 = Release|Any CPU
		{B9E1A4C6-9D98-4E13-8292-4AD18C8A01B0}.Debug|Any CPU.ActiveCfg = Debug|Any CPU
		{B9E1A4C6-9D98-4E13-8292-4AD18C8A01B0}.Debug|Any CPU.Build.0 = Debug|Any CPU
		{B9E1A4C6-9D98-4E13-8292-4AD18C8A01B0}.Release|Any CPU.ActiveCfg = Release|Any CPU
		{B9E1A4C6-9D98-4E13-8292-4AD18C8A01B0}.Release|Any CPU.Build.0 = Release|Any CPU
	EndGlobalSection
	GlobalSection(SolutionProperties) = preSolution
		HideSolutionNode = FALSE
	EndGlobalSection
	GlobalSection(ExtensibilityGlobals) = postSolution
		SolutionGuid = {09D4087C-ACD6-4CFC-8AA2-221D06E2B1C0}
	EndGlobalSection
EndGlobal
